
Microsoft Visual Studio Solution File, Format Version 12.00
# Visual Studio Version 16
VisualStudioVersion = 16.0.31321.278
MinimumVisualStudioVersion = 10.0.40219.1
Project("{FAE04EC0-301F-11D3-BF4B-00C04F79EFBC}") = "RimworldApparelBodyTex_V1", "RimworldApparelBodyTex_V1\RimworldApparelBodyTex_V1.csproj", "{029ECB64-2764-4EBE-BD62-3C4EE59147D1}"
EndProject
Global
	GlobalSection(SolutionConfigurationPlatforms) = preSolution
		Debug|Any CPU = Debug|Any CPU
		Release|Any CPU = Release|Any CPU
	EndGlobalSection
	GlobalSection(ProjectConfigurationPlatforms) = postSolution
		{029ECB64-2764-4EBE-BD62-3C4EE59147D1}.Debug|Any CPU.ActiveCfg = Debug|Any CPU
		{029ECB64-2764-4EBE-BD62-3C4EE59147D1}.Debug|Any CPU.Build.0 = Debug|Any CPU
		{029ECB64-2764-4EBE-BD62-3C4EE59147D1}.Release|Any CPU.ActiveCfg = Release|Any CPU
		{029ECB64-2764-4EBE-BD62-3C4EE59147D1}.Release|Any CPU.Build.0 = Release|Any CPU
	EndGlobalSection
	GlobalSection(SolutionProperties) = preSolution
		HideSolutionNode = FALSE
	EndGlobalSection
	GlobalSection(ExtensibilityGlobals) = postSolution
		SolutionGuid = {53154AFB-323B-4429-B7A8-4F22FB5F7DD4}
	EndGlobalSection
EndGlobal
